// !$*UTF8*$!
{
	archiveVersion = 1;
	classes = {
	};
	objectVersion = 46;
	objects = {

/* Begin PBXBuildFile section */
		F8C255661EAFA1B100EE180A /* AppDelegate.swift in Sources */ = {isa = PBXBuildFile; fileRef = F8C255651EAFA1B100EE180A /* AppDelegate.swift */; };
		F8C255681EAFA1B100EE180A /* ViewController.swift in Sources */ = {isa = PBXBuildFile; fileRef = F8C255671EAFA1B100EE180A /* ViewController.swift */; };
		F8C2556B1EAFA1B100EE180A /* Main.storyboard in Resources */ = {isa = PBXBuildFile; fileRef = F8C255691EAFA1B100EE180A /* Main.storyboard */; };
		F8C2556D1EAFA1B100EE180A /* Assets.xcassets in Resources */ = {isa = PBXBuildFile; fileRef = F8C2556C1EAFA1B100EE180A /* Assets.xcassets */; };
		F8C255701EAFA1B100EE180A /* LaunchScreen.storyboard in Resources */ = {isa = PBXBuildFile; fileRef = F8C2556E1EAFA1B100EE180A /* LaunchScreen.storyboard */; };
/* End PBXBuildFile section */

/* Begin PBXFileReference section */
		F8C255621EAFA1B100EE180A /* iOSOrientation.app */ = {isa = PBXFileReference; explicitFileType = wrapper.application; includeInIndex = 0; path = iOSOrientation.app; sourceTree = BUILT_PRODUCTS_DIR; };
		F8C255651EAFA1B100EE180A /* AppDelegate.swift */ = {isa = PBXFileReference; lastKnownFileType = sourcecode.swift; path = AppDelegate.swift; sourceTree = "<group>"; };
		F8C255671EAFA1B100EE180A /* ViewController.swift */ = {isa = PBXFileReference; lastKnownFileType = sourcecode.swift; path = ViewController.swift; sourceTree = "<group>"; };
		F8C2556A1EAFA1B100EE180A /* Base */ = {isa = PBXFileReference; lastKnownFileType = file.storyboard; name = Base; path = Base.lproj/Main.storyboard; sourceTree = "<group>"; };
		F8C2556C1EAFA1B100EE180A /* Assets.xcassets */ = {isa = PBXFileReference; lastKnownFileType = folder.assetcatalog; path = Assets.xcassets; sourceTree = "<group>"; };
		F8C2556F1EAFA1B100EE180A /* Base */ = {isa = PBXFileReference; lastKnownFileType = file.storyboard; name = Base; path = Base.lproj/LaunchScreen.storyboard; sourceTree = "<group>"; };
		F8C255711EAFA1B100EE180A /* Info.plist */ = {isa = PBXFileReference; lastKnownFileType = text.plist.xml; path = Info.plist; sourceTree = "<group>"; };
/* End PBXFileReference section */

/* Begin PBXFrameworksBuildPhase section */
		F8C2555F1EAFA1B100EE180A /* Frameworks */ = {
			isa = PBXFrameworksBuildPhase;
			buildActionMask = 2147483647;
			files = (
			);
			runOnlyForDeploymentPostprocessing = 0;
		};
/* End PBXFrameworksBuildPhase section */

/* Begin PBXGroup section */
		F8C255591EAFA1B100EE180A = {
			isa = PBXGroup;
			children = (
				F8C255641EAFA1B100EE180A /* iOSOrientation */,
				F8C255631EAFA1B100EE180A /* Products */,
			);
			sourceTree = "<group>";
		};
		F8C255631EAFA1B100EE180A /* Products */ = {
			isa = PBXGroup;
			children = (
				F8C255621EAFA1B100EE180A /* iOSOrientation.app */,
			);
			name = Products;
			sourceTree = "<group>";
		};
		F8C255641EAFA1B100EE180A /* iOSOrientation */ = {
			isa = PBXGroup;
			children = (
				F8C255651EAFA1B100EE180A /* AppDelegate.swift */,
				F8C255671EAFA1B100EE180A /* ViewController.swift */,
				F8C255691EAFA1B100EE180A /* Main.storyboard */,
				F8C2556C1EAFA1B100EE180A /* Assets.xcassets */,
				F8C2556E1EAFA1B100EE180A /* LaunchScreen.storyboard */,
				F8C255711EAFA1B100EE180A /* Info.plist */,
			);
			path = iOSOrientation;
			sourceTree = "<group>";
		};
/* End PBXGroup section */

/* Begin PBXNativeTarget section */
		F8C255611EAFA1B100EE180A /* iOSOrientation */ = {
			isa = PBXNativeTarget;
			buildConfigurationList = F8C255741EAFA1B100EE180A /* Build configuration list for PBXNativeTarget "iOSOrientation" */;
			buildPhases = (
				F8C2555E1EAFA1B100EE180A /* Sources */,
				F8C2555F1EAFA1B100EE180A /* Frameworks */,
				F8C255601EAFA1B100EE180A /* Resources */,
			);
			buildRules = (
			);
			dependencies = (
			);
			name = iOSOrientation;
			productName = iOSOrientation;
			productReference = F8C255621EAFA1B100EE180A /* iOSOrientation.app */;
			productType = "com.apple.product-type.application";
		};
/* End PBXNativeTarget section */

/* Begin PBXProject section */
		F8C2555A1EAFA1B100EE180A /* Project object */ = {
			isa = PBXProject;
			attributes = {
				LastSwiftUpdateCheck = 0830;
				LastUpgradeCheck = 0830;
				ORGANIZATIONNAME = "Hay Nhanh";
				TargetAttributes = {
					F8C255611EAFA1B100EE180A = {
						CreatedOnToolsVersion = 8.3.1;
						DevelopmentTeam = Z4ZNZ62PTW;
						ProvisioningStyle = Automatic;
					};
				};
			};
			buildConfigurationList = F8C2555D1EAFA1B100EE180A /* Build configuration list for PBXProject "iOSOrientation" */;
			compatibilityVersion = "Xcode 3.2";
			developmentRegion = English;
			hasScannedForEncodings = 0;
			knownRegions = (
				en,
				Base,
			);
			mainGroup = F8C255591EAFA1B100EE180A;
			productRefGroup = F8C255631EAFA1B100EE180A /* Products */;
			projectDirPath = "";
			projectRoot = "";
			targets = (
				F8C255611EAFA1B100EE180A /* iOSOrientation */,
			);
		};
/* End PBXProject section */

/* Begin PBXResourcesBuildPhase section */
		F8C255601EAFA1B100EE180A /* Resources */ = {
			isa = PBXResourcesBuildPhase;
			buildActionMask = 2147483647;
			files = (
				F8C255701EAFA1B100EE180A /* LaunchScreen.storyboard in Resources */,
				F8C2556D1EAFA1B100EE180A /* Assets.xcassets in Resources */,
				F8C2556B1EAFA1B100EE180A /* Main.storyboard in Resources */,
			);
			runOnlyForDeploymentPostprocessing = 0;
		};
/* End PBXResourcesBuildPhase section */

/* Begin PBXSourcesBuildPhase section */
		F8C2555E1EAFA1B100EE180A /* Sources */ = {
			isa = PBXSourcesBuildPhase;
			buildActionMask = 2147483647;
			files = (
				F8C255681EAFA1B100EE180A /* ViewController.swift in Sources */,
				F8C255661EAFA1B100EE180A /* AppDelegate.swift in Sources */,
			);
			runOnlyForDeploymentPostprocessing = 0;
		};
/* End PBXSourcesBuildPhase section */

/* Begin PBXVariantGroup section */
		F8C255691EAFA1B100EE180A /* Main.storyboard */ = {
			isa = PBXVariantGroup;
			children = (
				F8C2556A1EAFA1B100EE180A /* Base */,
			);
			name = Main.storyboard;
			sourceTree = "<group>";
		};
		F8C2556E1EAFA1B100EE180A /* LaunchScreen.storyboard */ = {
			isa = PBXVariantGroup;
			children = (
				F8C2556F1EAFA1B100EE180A /* Base */,
			);
			name = LaunchScreen.storyboard;
			sourceTree = "<group>";
		};
/* End PBXVariantGroup section */

/* Begin XCBuildConfiguration section */
		F8C255721EAFA1B100EE180A /* Debug */ = {
			isa = XCBuildConfiguration;
			buildSettings = {
				ALWAYS_SEARCH_USER_PATHS = NO;
				CLANG_ANALYZER_NONNULL = YES;
				CLANG_ANALYZER_NUMBER_OBJECT_CONVERSION = YES_AGGRESSIVE;
				CLANG_CXX_LANGUAGE_STANDARD = "gnu++0x";
				CLANG_CXX_LIBRARY = "libc++";
				CLANG_ENABLE_MODULES = YES;
				CLANG_ENABLE_OBJC_ARC = YES;
				CLANG_WARN_BOOL_CONVERSION = YES;
				CLANG_WARN_CONSTANT_CONVERSION = YES;
				CLANG_WARN_DIRECT_OBJC_ISA_USAGE = YES_ERROR;
				CLANG_WARN_DOCUMENTATION_COMMENTS = YES;
				CLANG_WARN_EMPTY_BODY = YES;
				CLANG_WARN_ENUM_CONVERSION = YES;
				CLANG_WARN_INFINITE_RECURSION = YES;
				CLANG_WARN_INT_CONVERSION = YES;
				CLANG_WARN_OBJC_ROOT_CLASS = YES_ERROR;
				CLANG_WARN_SUSPICIOUS_MOVE = YES;
				CLANG_WARN_UNREACHABLE_CODE = YES;
				CLANG_WARN__DUPLICATE_METHOD_MATCH = YES;
				"CODE_SIGN_IDENTITY[sdk=iphoneos*]" = "iPhone Developer";
				COPY_PHASE_STRIP = NO;
				DEBUG_INFORMATION_FORMAT = dwarf;
				ENABLE_STRICT_OBJC_MSGSEND = YES;
				ENABLE_TESTABILITY = YES;
				GCC_C_LANGUAGE_STANDARD = gnu99;
				GCC_DYNAMIC_NO_PIC = NO;
				GCC_NO_COMMON_BLOCKS = YES;
				GCC_OPTIMIZATION_LEVEL = 0;
				GCC_PREPROCESSOR_DEFINITIONS = (
					"DEBUG=1",
					"$(inherited)",
				);
				GCC_WARN_64_TO_32_BIT_CONVERSION = YES;
				GCC_WARN_ABOUT_RETURN_TYPE = YES_ERROR;
				GCC_WARN_UNDECLARED_SELECTOR = YES;
				GCC_WARN_UNINITIALIZED_AUTOS = YES_AGGRESSIVE;
				GCC_WARN_UNUSED_FUNCTION = YES;
				GCC_WARN_UNUSED_VARIABLE = YES;
				IPHONEOS_DEPLOYMENT_TARGET = 10.3;
				MTL_ENABLE_DEBUG_INFO = YES;
				ONLY_ACTIVE_ARCH = YES;
				SDKROOT = iphoneos;
				SWIFT_ACTIVE_COMPILATION_CONDITIONS = DEBUG;
				SWIFT_OPTIMIZATION_LEVEL = "-Onone";
			};
			name = Debug;
		};
		F8C255731EAFA1B100EE180A /* Release */ = {
			isa = XCBuildConfiguration;
			buildSettings = {
				ALWAYS_SEARCH_USER_PATHS = NO;
				CLANG_ANALYZER_NONNULL = YES;
				CLANG_ANALYZER_NUMBER_OBJECT_CONVERSION = YES_AGGRESSIVE;
				CLANG_CXX_LANGUAGE_STANDARD = "gnu++0x";
				CLANG_CXX_LIBRARY = "libc++";
				CLANG_ENABLE_MODULES = YES;
				CLANG_ENABLE_OBJC_ARC = YES;
				CLANG_WARN_BOOL_CONVERSION = YES;
				CLANG_WARN_CONSTANT_CONVERSION = YES;
				CLANG_WARN_DIRECT_OBJC_ISA_USAGE = YES_ERROR;
				CLANG_WARN_DOCUMENTATION_COMMENTS = YES;
				CLANG_WARN_EMPTY_BODY = YES;
				CLANG_WARN_ENUM_CONVERSION = YES;
				CLANG_WARN_INFINITE_RECURSION = YES;
				CLANG_WARN_INT_CONVERSION = YES;
				CLANG_WARN_OBJC_ROOT_CLASS = YES_ERROR;
				CLANG_WARN_SUSPICIOUS_MOVE = YES;
				CLANG_WARN_UNREACHABLE_CODE = YES;
				CLANG_WARN__DUPLICATE_METHOD_MATCH = YES;
				"CODE_SIGN_IDENTITY[sdk=iphoneos*]" = "iPhone Developer";
				COPY_PHASE_STRIP = NO;
				DEBUG_INFORMATION_FORMAT = "dwarf-with-dsym";
				ENABLE_NS_ASSERTIONS = NO;
				ENABLE_STRICT_OBJC_MSGSEND = YES;
				GCC_C_LANGUAGE_STANDARD = gnu99;
				GCC_NO_COMMON_BLOCKS = YES;
				GCC_WARN_64_TO_32_BIT_CONVERSION = YES;
				GCC_WARN_ABOUT_RETURN_TYPE = YES_ERROR;
				GCC_WARN_UNDECLARED_SELECTOR = YES;
				GCC_WARN_UNINITIALIZED_AUTOS = YES_AGGRESSIVE;
				GCC_WARN_UNUSED_FUNCTION = YES;
				GCC_WARN_UNUSED_VARIABLE = YES;
				IPHONEOS_DEPLOYMENT_TARGET = 10.3;
				MTL_ENABLE_DEBUG_INFO = NO;
				SDKROOT = iphoneos;
				SWIFT_OPTIMIZATION_LEVEL = "-Owholemodule";
				VALIDATE_PRODUCT = YES;
			};
			name = Release;
		};
		F8C255751EAFA1B100EE180A /* Debug */ = {
			isa = XCBuildConfiguration;
			buildSettings = {
				ASSETCATALOG_COMPILER_APPICON_NAME = AppIcon;
				DEVELOPMENT_TEAM = Z4ZNZ62PTW;
				INFOPLIST_FILE = iOSOrientation/Info.plist;
				LD_RUNPATH_SEARCH_PATHS = "$(inherited) @executable_path/Frameworks";
				PRODUCT_BUNDLE_IDENTIFIER = com.haynhanh.iOSOrientation;
				PRODUCT_NAME = "$(TARGET_NAME)";
				SWIFT_VERSION = 3.0;
			};
			name = Debug;
		};
		F8C255761EAFA1B100EE180A /* Release */ = {
			isa = XCBuildConfiguration;
			buildSettings = {
				ASSETCATALOG_COMPILER_APPICON_NAME = AppIcon;
				DEVELOPMENT_TEAM = Z4ZNZ62PTW;
				INFOPLIST_FILE = iOSOrientation/Info.plist;
				LD_RUNPATH_SEARCH_PATHS = "$(inherited) @executable_path/Frameworks";
				PRODUCT_BUNDLE_IDENTIFIER = com.haynhanh.iOSOrientation;
				PRODUCT_NAME = "$(TARGET_NAME)";
				SWIFT_VERSION = 3.0;
			};
			name = Release;
		};
/* End XCBuildConfiguration section */

/* Begin XCConfigurationList section */
		F8C2555D1EAFA1B100EE180A /* Build configuration list for PBXProject "iOSOrientation" */ = {
			isa = XCConfigurationList;
			buildConfigurations = (
				F8C255721EAFA1B100EE180A /* Debug */,
				F8C255731EAFA1B100EE180A /* Release */,
			);
			defaultConfigurationIsVisible = 0;
			defaultConfigurationName = Release;
		};
		F8C255741EAFA1B100EE180A /* Build configuration list for PBXNativeTarget "iOSOrientation" */ = {
			isa = XCConfigurationList;
			buildConfigurations = (
				F8C255751EAFA1B100EE180A /* Debug */,
				F8C255761EAFA1B100EE180A /* Release */,
			);
			defaultConfigurationIsVisible = 0;
		};
/* End XCConfigurationList section */
	};
	rootObject = F8C2555A1EAFA1B100EE180A /* Project object */;
}
